lockfileVersion: '9.0'

settings:
  autoInstallPeers: true
  excludeLinksFromLockfile: false

importers:

  .:
    dependencies:
      '@bufbuild/buf':
        specifier: ^1.66.0
        version: 1.66.0

packages:

  '@bufbuild/buf@1.66.0':
    resolution: {integrity: sha512-JSZT6OT8uKG2frScYNOS3Y4E+7wg1KSPQMKfLlbZZFnBoXwMqDdsxQF7O5ucameU+3DKRs+yQFI8tNQjFJ5T2g==}
    engines: {node: '>=12'}
    hasBin: true

snapshots:

  '@bufbuild/buf@1.66.0': {}
